// !$*UTF8*$!
{
	archiveVersion = 1;
	classes = {
	};
	objectVersion = 50;
	objects = {

/* Begin PBXBuildFile section */
		750F197A25753360004FBC6A /* ViewModel.swift in Sources */ = {isa = PBXBuildFile; fileRef = 750F197925753360004FBC6A /* ViewModel.swift */; };
		751BF86925471A1400F2EB22 /* AppDelegate.swift in Sources */ = {isa = PBXBuildFile; fileRef = 751BF86825471A1400F2EB22 /* AppDelegate.swift */; };
		751BF86B25471A1400F2EB22 /* SceneDelegate.swift in Sources */ = {isa = PBXBuildFile; fileRef = 751BF86A25471A1400F2EB22 /* SceneDelegate.swift */; };
		751BF86D25471A1400F2EB22 /* WeatherController.swift in Sources */ = {isa = PBXBuildFile; fileRef = 751BF86C25471A1400F2EB22 /* WeatherController.swift */; };
		751BF87325471A1400F2EB22 /* iOSWeatherApp.xcdatamodeld in Sources */ = {isa = PBXBuildFile; fileRef = 751BF87125471A1400F2EB22 /* iOSWeatherApp.xcdatamodeld */; };
		751BF87525471A1500F2EB22 /* Assets.xcassets in Resources */ = {isa = PBXBuildFile; fileRef = 751BF87425471A1500F2EB22 /* Assets.xcassets */; };
		751BF87825471A1500F2EB22 /* LaunchScreen.storyboard in Resources */ = {isa = PBXBuildFile; fileRef = 751BF87625471A1500F2EB22 /* LaunchScreen.storyboard */; };
		751BF88325471A1500F2EB22 /* iOSWeatherAppTests.swift in Sources */ = {isa = PBXBuildFile; fileRef = 751BF88225471A1500F2EB22 /* iOSWeatherAppTests.swift */; };
		751BF88E25471A1500F2EB22 /* iOSWeatherAppUITests.swift in Sources */ = {isa = PBXBuildFile; fileRef = 751BF88D25471A1500F2EB22 /* iOSWeatherAppUITests.swift */; };
		7548A94B258F4F9200690A52 /* UIColor+Ext.swift in Sources */ = {isa = PBXBuildFile; fileRef = 7548A94A258F4F9200690A52 /* UIColor+Ext.swift */; };
		7548A960258F51C000690A52 /* UILabel+Ext.swift in Sources */ = {isa = PBXBuildFile; fileRef = 7548A95F258F51C000690A52 /* UILabel+Ext.swift */; };
		7548A968258F544E00690A52 /* UIFont+Ext.swift in Sources */ = {isa = PBXBuildFile; fileRef = 7548A967258F544E00690A52 /* UIFont+Ext.swift */; };
		75494DBC25737F52004839B9 /* Screen.swift in Sources */ = {isa = PBXBuildFile; fileRef = 75494DBB25737F52004839B9 /* Screen.swift */; };
		7567BA8D255700D3006082FB /* UIView+Ext.swift in Sources */ = {isa = PBXBuildFile; fileRef = 7567BA8C255700D3006082FB /* UIView+Ext.swift */; };
		757D526E2547F9EE00F53F1D /* NSObject+Ext.swift in Sources */ = {isa = PBXBuildFile; fileRef = 757D526D2547F9EE00F53F1D /* NSObject+Ext.swift */; };
		75848D0B258F73B800ADF593 /* ClearCell.swift in Sources */ = {isa = PBXBuildFile; fileRef = 75848D0A258F73B800ADF593 /* ClearCell.swift */; };
		75AE306A256FB22E00549CB6 /* TodayHeader.swift in Sources */ = {isa = PBXBuildFile; fileRef = 75AE3069256FB22E00549CB6 /* TodayHeader.swift */; };
		75AE306F256FB24400549CB6 /* TodayFooter.swift in Sources */ = {isa = PBXBuildFile; fileRef = 75AE306E256FB24400549CB6 /* TodayFooter.swift */; };
		75AE308B256FCE0700549CB6 /* Storyboard.storyboard in Resources */ = {isa = PBXBuildFile; fileRef = 75AE308A256FCE0700549CB6 /* Storyboard.storyboard */; };
		75C2B00F256F8679000A863C /* WeatherView.swift in Sources */ = {isa = PBXBuildFile; fileRef = 75C2B00E256F8679000A863C /* WeatherView.swift */; };
		75C2B020256F9AB4000A863C /* WeatherFlowLayout.swift in Sources */ = {isa = PBXBuildFile; fileRef = 75C2B01F256F9AB4000A863C /* WeatherFlowLayout.swift */; };
		75CB77E9256131180081BE16 /* TestCell.swift in Sources */ = {isa = PBXBuildFile; fileRef = 75CB77E8256131180081BE16 /* TestCell.swift */; };
		75E2C8912590A46A005C19A8 /* ClearBottomSeparatorCell.swift in Sources */ = {isa = PBXBuildFile; fileRef = 75E2C8902590A46A005C19A8 /* ClearBottomSeparatorCell.swift */; };
		75E2C8A72590AA20005C19A8 /* ClearTopBottomSeparatorCell.swift in Sources */ = {isa = PBXBuildFile; fileRef = 75E2C8A62590AA20005C19A8 /* ClearTopBottomSeparatorCell.swift */; };
		75F27D722572FBEE00C8C22D /* UICollectionView+Ext.swift in Sources */ = {isa = PBXBuildFile; fileRef = 75F27D712572FBEE00C8C22D /* UICollectionView+Ext.swift */; };
/* End PBXBuildFile section */

/* Begin PBXContainerItemProxy section */
		751BF87F25471A1500F2EB22 /* PBXContainerItemProxy */ = {
			isa = PBXContainerItemProxy;
			containerPortal = 751BF85D25471A1400F2EB22 /* Project object */;
			proxyType = 1;
			remoteGlobalIDString = 751BF86425471A1400F2EB22;
			remoteInfo = iOSWeatherApp;
		};
		751BF88A25471A1500F2EB22 /* PBXContainerItemProxy */ = {
			isa = PBXContainerItemProxy;
			containerPortal = 751BF85D25471A1400F2EB22 /* Project object */;
			proxyType = 1;
			remoteGlobalIDString = 751BF86425471A1400F2EB22;
			remoteInfo = iOSWeatherApp;
		};
/* End PBXContainerItemProxy section */

/* Begin PBXFileReference section */
		750F197925753360004FBC6A /* ViewModel.swift */ = {isa = PBXFileReference; lastKnownFileType = sourcecode.swift; path = ViewModel.swift; sourceTree = "<group>"; };
		751BF86525471A1400F2EB22 /* iOSWeatherApp.app */ = {isa = PBXFileReference; explicitFileType = wrapper.application; includeInIndex = 0; path = iOSWeatherApp.app; sourceTree = BUILT_PRODUCTS_DIR; };
		751BF86825471A1400F2EB22 /* AppDelegate.swift */ = {isa = PBXFileReference; lastKnownFileType = sourcecode.swift; path = AppDelegate.swift; sourceTree = "<group>"; };
		751BF86A25471A1400F2EB22 /* SceneDelegate.swift */ = {isa = PBXFileReference; lastKnownFileType = sourcecode.swift; path = SceneDelegate.swift; sourceTree = "<group>"; };
		751BF86C25471A1400F2EB22 /* WeatherController.swift */ = {isa = PBXFileReference; lastKnownFileType = sourcecode.swift; path = WeatherController.swift; sourceTree = "<group>"; };
		751BF87225471A1400F2EB22 /* iOSWeatherApp.xcdatamodel */ = {isa = PBXFileReference; lastKnownFileType = wrapper.xcdatamodel; path = iOSWeatherApp.xcdatamodel; sourceTree = "<group>"; };
		751BF87425471A1500F2EB22 /* Assets.xcassets */ = {isa = PBXFileReference; lastKnownFileType = folder.assetcatalog; path = Assets.xcassets; sourceTree = "<group>"; };
		751BF87725471A1500F2EB22 /* Base */ = {isa = PBXFileReference; lastKnownFileType = file.storyboard; name = Base; path = Base.lproj/LaunchScreen.storyboard; sourceTree = "<group>"; };
		751BF87925471A1500F2EB22 /* Info.plist */ = {isa = PBXFileReference; lastKnownFileType = text.plist.xml; path = Info.plist; sourceTree = "<group>"; };
		751BF87E25471A1500F2EB22 /* iOSWeatherAppTests.xctest */ = {isa = PBXFileReference; explicitFileType = wrapper.cfbundle; includeInIndex = 0; path = iOSWeatherAppTests.xctest; sourceTree = BUILT_PRODUCTS_DIR; };
		751BF88225471A1500F2EB22 /* iOSWeatherAppTests.swift */ = {isa = PBXFileReference; lastKnownFileType = sourcecode.swift; path = iOSWeatherAppTests.swift; sourceTree = "<group>"; };
		751BF88425471A1500F2EB22 /* Info.plist */ = {isa = PBXFileReference; lastKnownFileType = text.plist.xml; path = Info.plist; sourceTree = "<group>"; };
		751BF88925471A1500F2EB22 /* iOSWeatherAppUITests.xctest */ = {isa = PBXFileReference; explicitFileType = wrapper.cfbundle; includeInIndex = 0; path = iOSWeatherAppUITests.xctest; sourceTree = BUILT_PRODUCTS_DIR; };
		751BF88D25471A1500F2EB22 /* iOSWeatherAppUITests.swift */ = {isa = PBXFileReference; lastKnownFileType = sourcecode.swift; path = iOSWeatherAppUITests.swift; sourceTree = "<group>"; };
		751BF88F25471A1500F2EB22 /* Info.plist */ = {isa = PBXFileReference; lastKnownFileType = text.plist.xml; path = Info.plist; sourceTree = "<group>"; };
		7548A94A258F4F9200690A52 /* UIColor+Ext.swift */ = {isa = PBXFileReference; lastKnownFileType = sourcecode.swift; path = "UIColor+Ext.swift"; sourceTree = "<group>"; };
		7548A95F258F51C000690A52 /* UILabel+Ext.swift */ = {isa = PBXFileReference; lastKnownFileType = sourcecode.swift; path = "UILabel+Ext.swift"; sourceTree = "<group>"; };
		7548A967258F544E00690A52 /* UIFont+Ext.swift */ = {isa = PBXFileReference; lastKnownFileType = sourcecode.swift; path = "UIFont+Ext.swift"; sourceTree = "<group>"; };
		75494DBB25737F52004839B9 /* Screen.swift */ = {isa = PBXFileReference; lastKnownFileType = sourcecode.swift; path = Screen.swift; sourceTree = "<group>"; };
		7567BA8C255700D3006082FB /* UIView+Ext.swift */ = {isa = PBXFileReference; lastKnownFileType = sourcecode.swift; path = "UIView+Ext.swift"; sourceTree = "<group>"; };
		757D526D2547F9EE00F53F1D /* NSObject+Ext.swift */ = {isa = PBXFileReference; lastKnownFileType = sourcecode.swift; path = "NSObject+Ext.swift"; sourceTree = "<group>"; };
		75848D0A258F73B800ADF593 /* ClearCell.swift */ = {isa = PBXFileReference; lastKnownFileType = sourcecode.swift; path = ClearCell.swift; sourceTree = "<group>"; };
		75AE3069256FB22E00549CB6 /* TodayHeader.swift */ = {isa = PBXFileReference; lastKnownFileType = sourcecode.swift; path = TodayHeader.swift; sourceTree = "<group>"; };
		75AE306E256FB24400549CB6 /* TodayFooter.swift */ = {isa = PBXFileReference; lastKnownFileType = sourcecode.swift; path = TodayFooter.swift; sourceTree = "<group>"; };
		75AE308A256FCE0700549CB6 /* Storyboard.storyboard */ = {isa = PBXFileReference; lastKnownFileType = file.storyboard; path = Storyboard.storyboard; sourceTree = "<group>"; };
		75C2B00E256F8679000A863C /* WeatherView.swift */ = {isa = PBXFileReference; lastKnownFileType = sourcecode.swift; path = WeatherView.swift; sourceTree = "<group>"; };
		75C2B01F256F9AB4000A863C /* WeatherFlowLayout.swift */ = {isa = PBXFileReference; lastKnownFileType = sourcecode.swift; path = WeatherFlowLayout.swift; sourceTree = "<group>"; };
		75CB77E8256131180081BE16 /* TestCell.swift */ = {isa = PBXFileReference; lastKnownFileType = sourcecode.swift; path = TestCell.swift; sourceTree = "<group>"; };
		75E2C8902590A46A005C19A8 /* ClearBottomSeparatorCell.swift */ = {isa = PBXFileReference; lastKnownFileType = sourcecode.swift; path = ClearBottomSeparatorCell.swift; sourceTree = "<group>"; };
		75E2C8A62590AA20005C19A8 /* ClearTopBottomSeparatorCell.swift */ = {isa = PBXFileReference; lastKnownFileType = sourcecode.swift; path = ClearTopBottomSeparatorCell.swift; sourceTree = "<group>"; };
		75F27D712572FBEE00C8C22D /* UICollectionView+Ext.swift */ = {isa = PBXFileReference; lastKnownFileType = sourcecode.swift; path = "UICollectionView+Ext.swift"; sourceTree = "<group>"; };
/* End PBXFileReference section */

/* Begin PBXFrameworksBuildPhase section */
		751BF86225471A1400F2EB22 /* Frameworks */ = {
			isa = PBXFrameworksBuildPhase;
			buildActionMask = 2147483647;
			files = (
			);
			runOnlyForDeploymentPostprocessing = 0;
		};
		751BF87B25471A1500F2EB22 /* Frameworks */ = {
			isa = PBXFrameworksBuildPhase;
			buildActionMask = 2147483647;
			files = (
			);
			runOnlyForDeploymentPostprocessing = 0;
		};
		751BF88625471A1500F2EB22 /* Frameworks */ = {
			isa = PBXFrameworksBuildPhase;
			buildActionMask = 2147483647;
			files = (
			);
			runOnlyForDeploymentPostprocessing = 0;
		};
/* End PBXFrameworksBuildPhase section */

/* Begin PBXGroup section */
		750F197E25763BC0004FBC6A /* ViewModels */ = {
			isa = PBXGroup;
			children = (
				750F197925753360004FBC6A /* ViewModel.swift */,
			);
			path = ViewModels;
			sourceTree = "<group>";
		};
		751BF85C25471A1400F2EB22 = {
			isa = PBXGroup;
			children = (
				751BF86725471A1400F2EB22 /* iOSWeatherApp */,
				751BF88125471A1500F2EB22 /* iOSWeatherAppTests */,
				751BF88C25471A1500F2EB22 /* iOSWeatherAppUITests */,
				751BF86625471A1400F2EB22 /* Products */,
			);
			sourceTree = "<group>";
		};
		751BF86625471A1400F2EB22 /* Products */ = {
			isa = PBXGroup;
			children = (
				751BF86525471A1400F2EB22 /* iOSWeatherApp.app */,
				751BF87E25471A1500F2EB22 /* iOSWeatherAppTests.xctest */,
				751BF88925471A1500F2EB22 /* iOSWeatherAppUITests.xctest */,
			);
			name = Products;
			sourceTree = "<group>";
		};
		751BF86725471A1400F2EB22 /* iOSWeatherApp */ = {
			isa = PBXGroup;
			children = (
				75222EA4258FAAF5004C0391 /* Protocols */,
				75494DBA25737F42004839B9 /* Global */,
				7531FE1925474D6A00F55875 /* Application */,
				757D526C2547F9C100F53F1D /* Extensions */,
				7531FE1F25474DBB00F55875 /* Models */,
				7531FE1D25474D8A00F55875 /* Modules */,
			);
			path = iOSWeatherApp;
			sourceTree = "<group>";
		};
		751BF88125471A1500F2EB22 /* iOSWeatherAppTests */ = {
			isa = PBXGroup;
			children = (
				751BF88225471A1500F2EB22 /* iOSWeatherAppTests.swift */,
				751BF88425471A1500F2EB22 /* Info.plist */,
			);
			path = iOSWeatherAppTests;
			sourceTree = "<group>";
		};
		751BF88C25471A1500F2EB22 /* iOSWeatherAppUITests */ = {
			isa = PBXGroup;
			children = (
				751BF88D25471A1500F2EB22 /* iOSWeatherAppUITests.swift */,
				751BF88F25471A1500F2EB22 /* Info.plist */,
			);
			path = iOSWeatherAppUITests;
			sourceTree = "<group>";
		};
		75222EA4258FAAF5004C0391 /* Protocols */ = {
			isa = PBXGroup;
			children = (
			);
			path = Protocols;
			sourceTree = "<group>";
		};
		7531FE1925474D6A00F55875 /* Application */ = {
			isa = PBXGroup;
			children = (
				751BF87425471A1500F2EB22 /* Assets.xcassets */,
				751BF86825471A1400F2EB22 /* AppDelegate.swift */,
				751BF86A25471A1400F2EB22 /* SceneDelegate.swift */,
				751BF87625471A1500F2EB22 /* LaunchScreen.storyboard */,
				751BF87925471A1500F2EB22 /* Info.plist */,
			);
			path = Application;
			sourceTree = "<group>";
		};
		7531FE1D25474D8A00F55875 /* Modules */ = {
			isa = PBXGroup;
			children = (
				7531FE1E25474DA500F55875 /* Weather */,
			);
			path = Modules;
			sourceTree = "<group>";
		};
		7531FE1E25474DA500F55875 /* Weather */ = {
			isa = PBXGroup;
			children = (
				750F197E25763BC0004FBC6A /* ViewModels */,
				75C2B038256FAFDA000A863C /* Views */,
			);
			path = Weather;
			sourceTree = "<group>";
		};
		7531FE1F25474DBB00F55875 /* Models */ = {
			isa = PBXGroup;
			children = (
				751BF87125471A1400F2EB22 /* iOSWeatherApp.xcdatamodeld */,
			);
			path = Models;
			sourceTree = "<group>";
		};
		753962BF2573F2ED00AD197F /* WeatherView */ = {
			isa = PBXGroup;
			children = (
				75C2B00E256F8679000A863C /* WeatherView.swift */,
				751BF86C25471A1400F2EB22 /* WeatherController.swift */,
				75C2B01F256F9AB4000A863C /* WeatherFlowLayout.swift */,
				75E2C8B62590B144005C19A8 /* TodayHeader */,
				75E2C8B72590B156005C19A8 /* TodayFooter */,
				75C2B039256FAFEA000A863C /* ReusableViews */,
			);
			path = WeatherView;
			sourceTree = "<group>";
		};
		75494DBA25737F42004839B9 /* Global */ = {
			isa = PBXGroup;
			children = (
				75494DBB25737F52004839B9 /* Screen.swift */,
			);
			path = Global;
			sourceTree = "<group>";
		};
		757D526C2547F9C100F53F1D /* Extensions */ = {
			isa = PBXGroup;
			children = (
				75F27D712572FBEE00C8C22D /* UICollectionView+Ext.swift */,
				7548A95F258F51C000690A52 /* UILabel+Ext.swift */,
				7548A94A258F4F9200690A52 /* UIColor+Ext.swift */,
				757D526D2547F9EE00F53F1D /* NSObject+Ext.swift */,
				7567BA8C255700D3006082FB /* UIView+Ext.swift */,
				7548A967258F544E00690A52 /* UIFont+Ext.swift */,
				75AE308A256FCE0700549CB6 /* Storyboard.storyboard */,
			);
			path = Extensions;
			sourceTree = "<group>";
		};
		75C2B038256FAFDA000A863C /* Views */ = {
			isa = PBXGroup;
			children = (
				753962BF2573F2ED00AD197F /* WeatherView */,
			);
			path = Views;
			sourceTree = "<group>";
		};
		75C2B039256FAFEA000A863C /* ReusableViews */ = {
			isa = PBXGroup;
			children = (
				75CB77E8256131180081BE16 /* TestCell.swift */,
				75848D0A258F73B800ADF593 /* ClearCell.swift */,
				75E2C8902590A46A005C19A8 /* ClearBottomSeparatorCell.swift */,
				75E2C8A62590AA20005C19A8 /* ClearTopBottomSeparatorCell.swift */,
			);
			path = ReusableViews;
			sourceTree = "<group>";
		};
		75E2C8B62590B144005C19A8 /* TodayHeader */ = {
			isa = PBXGroup;
			children = (
				75AE3069256FB22E00549CB6 /* TodayHeader.swift */,
			);
			path = TodayHeader;
			sourceTree = "<group>";
		};
		75E2C8B72590B156005C19A8 /* TodayFooter */ = {
			isa = PBXGroup;
			children = (
				75AE306E256FB24400549CB6 /* TodayFooter.swift */,
			);
			path = TodayFooter;
			sourceTree = "<group>";
		};
/* End PBXGroup section */

/* Begin PBXNativeTarget section */
		751BF86425471A1400F2EB22 /* iOSWeatherApp */ = {
			isa = PBXNativeTarget;
			buildConfigurationList = 751BF89225471A1500F2EB22 /* Build configuration list for PBXNativeTarget "iOSWeatherApp" */;
			buildPhases = (
				751BF86125471A1400F2EB22 /* Sources */,
				751BF86225471A1400F2EB22 /* Frameworks */,
				751BF86325471A1400F2EB22 /* Resources */,
			);
			buildRules = (
			);
			dependencies = (
			);
			name = iOSWeatherApp;
			productName = iOSWeatherApp;
			productReference = 751BF86525471A1400F2EB22 /* iOSWeatherApp.app */;
			productType = "com.apple.product-type.application";
		};
		751BF87D25471A1500F2EB22 /* iOSWeatherAppTests */ = {
			isa = PBXNativeTarget;
			buildConfigurationList = 751BF89525471A1500F2EB22 /* Build configuration list for PBXNativeTarget "iOSWeatherAppTests" */;
			buildPhases = (
				751BF87A25471A1500F2EB22 /* Sources */,
				751BF87B25471A1500F2EB22 /* Frameworks */,
				751BF87C25471A1500F2EB22 /* Resources */,
			);
			buildRules = (
			);
			dependencies = (
				751BF88025471A1500F2EB22 /* PBXTargetDependency */,
			);
			name = iOSWeatherAppTests;
			productName = iOSWeatherAppTests;
			productReference = 751BF87E25471A1500F2EB22 /* iOSWeatherAppTests.xctest */;
			productType = "com.apple.product-type.bundle.unit-test";
		};
		751BF88825471A1500F2EB22 /* iOSWeatherAppUITests */ = {
			isa = PBXNativeTarget;
			buildConfigurationList = 751BF89825471A1500F2EB22 /* Build configuration list for PBXNativeTarget "iOSWeatherAppUITests" */;
			buildPhases = (
				751BF88525471A1500F2EB22 /* Sources */,
				751BF88625471A1500F2EB22 /* Frameworks */,
				751BF88725471A1500F2EB22 /* Resources */,
			);
			buildRules = (
			);
			dependencies = (
				751BF88B25471A1500F2EB22 /* PBXTargetDependency */,
			);
			name = iOSWeatherAppUITests;
			productName = iOSWeatherAppUITests;
			productReference = 751BF88925471A1500F2EB22 /* iOSWeatherAppUITests.xctest */;
			productType = "com.apple.product-type.bundle.ui-testing";
		};
/* End PBXNativeTarget section */

/* Begin PBXProject section */
		751BF85D25471A1400F2EB22 /* Project object */ = {
			isa = PBXProject;
			attributes = {
				LastSwiftUpdateCheck = 1210;
				LastUpgradeCheck = 1230;
				TargetAttributes = {
					751BF86425471A1400F2EB22 = {
						CreatedOnToolsVersion = 12.1;
					};
					751BF87D25471A1500F2EB22 = {
						CreatedOnToolsVersion = 12.1;
						TestTargetID = 751BF86425471A1400F2EB22;
					};
					751BF88825471A1500F2EB22 = {
						CreatedOnToolsVersion = 12.1;
						TestTargetID = 751BF86425471A1400F2EB22;
					};
				};
			};
			buildConfigurationList = 751BF86025471A1400F2EB22 /* Build configuration list for PBXProject "iOSWeatherApp" */;
			compatibilityVersion = "Xcode 9.3";
			developmentRegion = en;
			hasScannedForEncodings = 0;
			knownRegions = (
				en,
				Base,
			);
			mainGroup = 751BF85C25471A1400F2EB22;
			productRefGroup = 751BF86625471A1400F2EB22 /* Products */;
			projectDirPath = "";
			projectRoot = "";
			targets = (
				751BF86425471A1400F2EB22 /* iOSWeatherApp */,
				751BF87D25471A1500F2EB22 /* iOSWeatherAppTests */,
				751BF88825471A1500F2EB22 /* iOSWeatherAppUITests */,
			);
		};
/* End PBXProject section */

/* Begin PBXResourcesBuildPhase section */
		751BF86325471A1400F2EB22 /* Resources */ = {
			isa = PBXResourcesBuildPhase;
			buildActionMask = 2147483647;
			files = (
				751BF87825471A1500F2EB22 /* LaunchScreen.storyboard in Resources */,
				751BF87525471A1500F2EB22 /* Assets.xcassets in Resources */,
				75AE308B256FCE0700549CB6 /* Storyboard.storyboard in Resources */,
			);
			runOnlyForDeploymentPostprocessing = 0;
		};
		751BF87C25471A1500F2EB22 /* Resources */ = {
			isa = PBXResourcesBuildPhase;
			buildActionMask = 2147483647;
			files = (
			);
			runOnlyForDeploymentPostprocessing = 0;
		};
		751BF88725471A1500F2EB22 /* Resources */ = {
			isa = PBXResourcesBuildPhase;
			buildActionMask = 2147483647;
			files = (
			);
			runOnlyForDeploymentPostprocessing = 0;
		};
/* End PBXResourcesBuildPhase section */

/* Begin PBXSourcesBuildPhase section */
		751BF86125471A1400F2EB22 /* Sources */ = {
			isa = PBXSourcesBuildPhase;
			buildActionMask = 2147483647;
			files = (
				751BF86D25471A1400F2EB22 /* WeatherController.swift in Sources */,
				75CB77E9256131180081BE16 /* TestCell.swift in Sources */,
				751BF86925471A1400F2EB22 /* AppDelegate.swift in Sources */,
				75494DBC25737F52004839B9 /* Screen.swift in Sources */,
				75AE306A256FB22E00549CB6 /* TodayHeader.swift in Sources */,
				75C2B00F256F8679000A863C /* WeatherView.swift in Sources */,
				7548A960258F51C000690A52 /* UILabel+Ext.swift in Sources */,
				75848D0B258F73B800ADF593 /* ClearCell.swift in Sources */,
				7548A968258F544E00690A52 /* UIFont+Ext.swift in Sources */,
				750F197A25753360004FBC6A /* ViewModel.swift in Sources */,
				75AE306F256FB24400549CB6 /* TodayFooter.swift in Sources */,
				751BF87325471A1400F2EB22 /* iOSWeatherApp.xcdatamodeld in Sources */,
				75E2C8A72590AA20005C19A8 /* ClearTopBottomSeparatorCell.swift in Sources */,
				7567BA8D255700D3006082FB /* UIView+Ext.swift in Sources */,
				751BF86B25471A1400F2EB22 /* SceneDelegate.swift in Sources */,
				75C2B020256F9AB4000A863C /* WeatherFlowLayout.swift in Sources */,
				75E2C8912590A46A005C19A8 /* ClearBottomSeparatorCell.swift in Sources */,
				7548A94B258F4F9200690A52 /* UIColor+Ext.swift in Sources */,
				75F27D722572FBEE00C8C22D /* UICollectionView+Ext.swift in Sources */,
				757D526E2547F9EE00F53F1D /* NSObject+Ext.swift in Sources */,
			);
			runOnlyForDeploymentPostprocessing = 0;
		};
		751BF87A25471A1500F2EB22 /* Sources */ = {
			isa = PBXSourcesBuildPhase;
			buildActionMask = 2147483647;
			files = (
				751BF88325471A1500F2EB22 /* iOSWeatherAppTests.swift in Sources */,
			);
			runOnlyForDeploymentPostprocessing = 0;
		};
		751BF88525471A1500F2EB22 /* Sources */ = {
			isa = PBXSourcesBuildPhase;
			buildActionMask = 2147483647;
			files = (
				751BF88E25471A1500F2EB22 /* iOSWeatherAppUITests.swift in Sources */,
			);
			runOnlyForDeploymentPostprocessing = 0;
		};
/* End PBXSourcesBuildPhase section */

/* Begin PBXTargetDependency section */
		751BF88025471A1500F2EB22 /* PBXTargetDependency */ = {
			isa = PBXTargetDependency;
			target = 751BF86425471A1400F2EB22 /* iOSWeatherApp */;
			targetProxy = 751BF87F25471A1500F2EB22 /* PBXContainerItemProxy */;
		};
		751BF88B25471A1500F2EB22 /* PBXTargetDependency */ = {
			isa = PBXTargetDependency;
			target = 751BF86425471A1400F2EB22 /* iOSWeatherApp */;
			targetProxy = 751BF88A25471A1500F2EB22 /* PBXContainerItemProxy */;
		};
/* End PBXTargetDependency section */

/* Begin PBXVariantGroup section */
		751BF87625471A1500F2EB22 /* LaunchScreen.storyboard */ = {
			isa = PBXVariantGroup;
			children = (
				751BF87725471A1500F2EB22 /* Base */,
			);
			name = LaunchScreen.storyboard;
			sourceTree = "<group>";
		};
/* End PBXVariantGroup section */

/* Begin XCBuildConfiguration section */
		751BF89025471A1500F2EB22 /* Debug */ = {
			isa = XCBuildConfiguration;
			buildSettings = {
				ALWAYS_SEARCH_USER_PATHS = NO;
				CLANG_ANALYZER_NONNULL = YES;
				CLANG_ANALYZER_NUMBER_OBJECT_CONVERSION = YES_AGGRESSIVE;
				CLANG_CXX_LANGUAGE_STANDARD = "gnu++14";
				CLANG_CXX_LIBRARY = "libc++";
				CLANG_ENABLE_MODULES = YES;
				CLANG_ENABLE_OBJC_ARC = YES;
				CLANG_ENABLE_OBJC_WEAK = YES;
				CLANG_WARN_BLOCK_CAPTURE_AUTORELEASING = YES;
				CLANG_WARN_BOOL_CONVERSION = YES;
				CLANG_WARN_COMMA = YES;
				CLANG_WARN_CONSTANT_CONVERSION = YES;
				CLANG_WARN_DEPRECATED_OBJC_IMPLEMENTATIONS = YES;
				CLANG_WARN_DIRECT_OBJC_ISA_USAGE = YES_ERROR;
				CLANG_WARN_DOCUMENTATION_COMMENTS = YES;
				CLANG_WARN_EMPTY_BODY = YES;
				CLANG_WARN_ENUM_CONVERSION = YES;
				CLANG_WARN_INFINITE_RECURSION = YES;
				CLANG_WARN_INT_CONVERSION = YES;
				CLANG_WARN_NON_LITERAL_NULL_CONVERSION = YES;
				CLANG_WARN_OBJC_IMPLICIT_RETAIN_SELF = YES;
				CLANG_WARN_OBJC_LITERAL_CONVERSION = YES;
				CLANG_WARN_OBJC_ROOT_CLASS = YES_ERROR;
				CLANG_WARN_QUOTED_INCLUDE_IN_FRAMEWORK_HEADER = YES;
				CLANG_WARN_RANGE_LOOP_ANALYSIS = YES;
				CLANG_WARN_STRICT_PROTOTYPES = YES;
				CLANG_WARN_SUSPICIOUS_MOVE = YES;
				CLANG_WARN_UNGUARDED_AVAILABILITY = YES_AGGRESSIVE;
				CLANG_WARN_UNREACHABLE_CODE = YES;
				CLANG_WARN__DUPLICATE_METHOD_MATCH = YES;
				COPY_PHASE_STRIP = NO;
				DEBUG_INFORMATION_FORMAT = dwarf;
				ENABLE_STRICT_OBJC_MSGSEND = YES;
				ENABLE_TESTABILITY = YES;
				GCC_C_LANGUAGE_STANDARD = gnu11;
				GCC_DYNAMIC_NO_PIC = NO;
				GCC_NO_COMMON_BLOCKS = YES;
				GCC_OPTIMIZATION_LEVEL = 0;
				GCC_PREPROCESSOR_DEFINITIONS = (
					"DEBUG=1",
					"$(inherited)",
				);
				GCC_WARN_64_TO_32_BIT_CONVERSION = YES;
				GCC_WARN_ABOUT_RETURN_TYPE = YES_ERROR;
				GCC_WARN_UNDECLARED_SELECTOR = YES;
				GCC_WARN_UNINITIALIZED_AUTOS = YES_AGGRESSIVE;
				GCC_WARN_UNUSED_FUNCTION = YES;
				GCC_WARN_UNUSED_VARIABLE = YES;
				IPHONEOS_DEPLOYMENT_TARGET = 12.0;
				MTL_ENABLE_DEBUG_INFO = INCLUDE_SOURCE;
				MTL_FAST_MATH = YES;
				ONLY_ACTIVE_ARCH = YES;
				SDKROOT = iphoneos;
				SWIFT_ACTIVE_COMPILATION_CONDITIONS = DEBUG;
				SWIFT_OPTIMIZATION_LEVEL = "-Onone";
			};
			name = Debug;
		};
		751BF89125471A1500F2EB22 /* Release */ = {
			isa = XCBuildConfiguration;
			buildSettings = {
				ALWAYS_SEARCH_USER_PATHS = NO;
				CLANG_ANALYZER_NONNULL = YES;
				CLANG_ANALYZER_NUMBER_OBJECT_CONVERSION = YES_AGGRESSIVE;
				CLANG_CXX_LANGUAGE_STANDARD = "gnu++14";
				CLANG_CXX_LIBRARY = "libc++";
				CLANG_ENABLE_MODULES = YES;
				CLANG_ENABLE_OBJC_ARC = YES;
				CLANG_ENABLE_OBJC_WEAK = YES;
				CLANG_WARN_BLOCK_CAPTURE_AUTORELEASING = YES;
				CLANG_WARN_BOOL_CONVERSION = YES;
				CLANG_WARN_COMMA = YES;
				CLANG_WARN_CONSTANT_CONVERSION = YES;
				CLANG_WARN_DEPRECATED_OBJC_IMPLEMENTATIONS = YES;
				CLANG_WARN_DIRECT_OBJC_ISA_USAGE = YES_ERROR;
				CLANG_WARN_DOCUMENTATION_COMMENTS = YES;
				CLANG_WARN_EMPTY_BODY = YES;
				CLANG_WARN_ENUM_CONVERSION = YES;
				CLANG_WARN_INFINITE_RECURSION = YES;
				CLANG_WARN_INT_CONVERSION = YES;
				CLANG_WARN_NON_LITERAL_NULL_CONVERSION = YES;
				CLANG_WARN_OBJC_IMPLICIT_RETAIN_SELF = YES;
				CLANG_WARN_OBJC_LITERAL_CONVERSION = YES;
				CLANG_WARN_OBJC_ROOT_CLASS = YES_ERROR;
				CLANG_WARN_QUOTED_INCLUDE_IN_FRAMEWORK_HEADER = YES;
				CLANG_WARN_RANGE_LOOP_ANALYSIS = YES;
				CLANG_WARN_STRICT_PROTOTYPES = YES;
				CLANG_WARN_SUSPICIOUS_MOVE = YES;
				CLANG_WARN_UNGUARDED_AVAILABILITY = YES_AGGRESSIVE;
				CLANG_WARN_UNREACHABLE_CODE = YES;
				CLANG_WARN__DUPLICATE_METHOD_MATCH = YES;
				COPY_PHASE_STRIP = NO;
				DEBUG_INFORMATION_FORMAT = "dwarf-with-dsym";
				ENABLE_NS_ASSERTIONS = NO;
				ENABLE_STRICT_OBJC_MSGSEND = YES;
				GCC_C_LANGUAGE_STANDARD = gnu11;
				GCC_NO_COMMON_BLOCKS = YES;
				GCC_WARN_64_TO_32_BIT_CONVERSION = YES;
				GCC_WARN_ABOUT_RETURN_TYPE = YES_ERROR;
				GCC_WARN_UNDECLARED_SELECTOR = YES;
				GCC_WARN_UNINITIALIZED_AUTOS = YES_AGGRESSIVE;
				GCC_WARN_UNUSED_FUNCTION = YES;
				GCC_WARN_UNUSED_VARIABLE = YES;
				IPHONEOS_DEPLOYMENT_TARGET = 12.0;
				MTL_ENABLE_DEBUG_INFO = NO;
				MTL_FAST_MATH = YES;
				SDKROOT = iphoneos;
				SWIFT_COMPILATION_MODE = wholemodule;
				SWIFT_OPTIMIZATION_LEVEL = "-O";
				VALIDATE_PRODUCT = YES;
			};
			name = Release;
		};
		751BF89325471A1500F2EB22 /* Debug */ = {
			isa = XCBuildConfiguration;
			buildSettings = {
				ASSETCATALOG_COMPILER_APPICON_NAME = AppIcon;
				ASSETCATALOG_COMPILER_GLOBAL_ACCENT_COLOR_NAME = AccentColor;
				CODE_SIGN_STYLE = Automatic;
				DEVELOPMENT_TEAM = 3Z6LFXP9G2;
				INFOPLIST_FILE = iOSWeatherApp/Application/Info.plist;
				IPHONEOS_DEPLOYMENT_TARGET = 12.0;
				LD_RUNPATH_SEARCH_PATHS = (
					"$(inherited)",
					"@executable_path/Frameworks",
				);
				PRODUCT_BUNDLE_IDENTIFIER = inidividual.iOSWeatherApp;
				PRODUCT_NAME = "$(TARGET_NAME)";
				SWIFT_VERSION = 5.0;
				TARGETED_DEVICE_FAMILY = "1,2";
			};
			name = Debug;
		};
		751BF89425471A1500F2EB22 /* Release */ = {
			isa = XCBuildConfiguration;
			buildSettings = {
				ASSETCATALOG_COMPILER_APPICON_NAME = AppIcon;
				ASSETCATALOG_COMPILER_GLOBAL_ACCENT_COLOR_NAME = AccentColor;
				CODE_SIGN_STYLE = Automatic;
				DEVELOPMENT_TEAM = 3Z6LFXP9G2;
				INFOPLIST_FILE = iOSWeatherApp/Application/Info.plist;
				IPHONEOS_DEPLOYMENT_TARGET = 12.0;
				LD_RUNPATH_SEARCH_PATHS = (
					"$(inherited)",
					"@executable_path/Frameworks",
				);
				PRODUCT_BUNDLE_IDENTIFIER = inidividual.iOSWeatherApp;
				PRODUCT_NAME = "$(TARGET_NAME)";
				SWIFT_VERSION = 5.0;
				TARGETED_DEVICE_FAMILY = "1,2";
			};
			name = Release;
		};
		751BF89625471A1500F2EB22 /* Debug */ = {
			isa = XCBuildConfiguration;
			buildSettings = {
				ALWAYS_EMBED_SWIFT_STANDARD_LIBRARIES = YES;
				BUNDLE_LOADER = "$(TEST_HOST)";
				CODE_SIGN_STYLE = Automatic;
				DEVELOPMENT_TEAM = 3Z6LFXP9G2;
				INFOPLIST_FILE = iOSWeatherAppTests/Info.plist;
				IPHONEOS_DEPLOYMENT_TARGET = 14.1;
				LD_RUNPATH_SEARCH_PATHS = (
					"$(inherited)",
					"@executable_path/Frameworks",
					"@loader_path/Frameworks",
				);
				PRODUCT_BUNDLE_IDENTIFIER = inidividual.iOSWeatherAppTests;
				PRODUCT_NAME = "$(TARGET_NAME)";
				SWIFT_VERSION = 5.0;
				TARGETED_DEVICE_FAMILY = "1,2";
				TEST_HOST = "$(BUILT_PRODUCTS_DIR)/iOSWeatherApp.app/iOSWeatherApp";
			};
			name = Debug;
		};
		751BF89725471A1500F2EB22 /* Release */ = {
			isa = XCBuildConfiguration;
			buildSettings = {
				ALWAYS_EMBED_SWIFT_STANDARD_LIBRARIES = YES;
				BUNDLE_LOADER = "$(TEST_HOST)";
				CODE_SIGN_STYLE = Automatic;
				DEVELOPMENT_TEAM = 3Z6LFXP9G2;
				INFOPLIST_FILE = iOSWeatherAppTests/Info.plist;
				IPHONEOS_DEPLOYMENT_TARGET = 14.1;
				LD_RUNPATH_SEARCH_PATHS = (
					"$(inherited)",
					"@executable_path/Frameworks",
					"@loader_path/Frameworks",
				);
				PRODUCT_BUNDLE_IDENTIFIER = inidividual.iOSWeatherAppTests;
				PRODUCT_NAME = "$(TARGET_NAME)";
				SWIFT_VERSION = 5.0;
				TARGETED_DEVICE_FAMILY = "1,2";
				TEST_HOST = "$(BUILT_PRODUCTS_DIR)/iOSWeatherApp.app/iOSWeatherApp";
			};
			name = Release;
		};
		751BF89925471A1500F2EB22 /* Debug */ = {
			isa = XCBuildConfiguration;
			buildSettings = {
				ALWAYS_EMBED_SWIFT_STANDARD_LIBRARIES = YES;
				CODE_SIGN_STYLE = Automatic;
				DEVELOPMENT_TEAM = 3Z6LFXP9G2;
				INFOPLIST_FILE = iOSWeatherAppUITests/Info.plist;
				LD_RUNPATH_SEARCH_PATHS = (
					"$(inherited)",
					"@executable_path/Frameworks",
					"@loader_path/Frameworks",
				);
				PRODUCT_BUNDLE_IDENTIFIER = inidividual.iOSWeatherAppUITests;
				PRODUCT_NAME = "$(TARGET_NAME)";
				SWIFT_VERSION = 5.0;
				TARGETED_DEVICE_FAMILY = "1,2";
				TEST_TARGET_NAME = iOSWeatherApp;
			};
			name = Debug;
		};
		751BF89A25471A1500F2EB22 /* Release */ = {
			isa = XCBuildConfiguration;
			buildSettings = {
				ALWAYS_EMBED_SWIFT_STANDARD_LIBRARIES = YES;
				CODE_SIGN_STYLE = Automatic;
				DEVELOPMENT_TEAM = 3Z6LFXP9G2;
				INFOPLIST_FILE = iOSWeatherAppUITests/Info.plist;
				LD_RUNPATH_SEARCH_PATHS = (
					"$(inherited)",
					"@executable_path/Frameworks",
					"@loader_path/Frameworks",
				);
				PRODUCT_BUNDLE_IDENTIFIER = inidividual.iOSWeatherAppUITests;
				PRODUCT_NAME = "$(TARGET_NAME)";
				SWIFT_VERSION = 5.0;
				TARGETED_DEVICE_FAMILY = "1,2";
				TEST_TARGET_NAME = iOSWeatherApp;
			};
			name = Release;
		};
/* End XCBuildConfiguration section */

/* Begin XCConfigurationList section */
		751BF86025471A1400F2EB22 /* Build configuration list for PBXProject "iOSWeatherApp" */ = {
			isa = XCConfigurationList;
			buildConfigurations = (
				751BF89025471A1500F2EB22 /* Debug */,
				751BF89125471A1500F2EB22 /* Release */,
			);
			defaultConfigurationIsVisible = 0;
			defaultConfigurationName = Release;
		};
		751BF89225471A1500F2EB22 /* Build configuration list for PBXNativeTarget "iOSWeatherApp" */ = {
			isa = XCConfigurationList;
			buildConfigurations = (
				751BF89325471A1500F2EB22 /* Debug */,
				751BF89425471A1500F2EB22 /* Release */,
			);
			defaultConfigurationIsVisible = 0;
			defaultConfigurationName = Release;
		};
		751BF89525471A1500F2EB22 /* Build configuration list for PBXNativeTarget "iOSWeatherAppTests" */ = {
			isa = XCConfigurationList;
			buildConfigurations = (
				751BF89625471A1500F2EB22 /* Debug */,
				751BF89725471A1500F2EB22 /* Release */,
			);
			defaultConfigurationIsVisible = 0;
			defaultConfigurationName = Release;
		};
		751BF89825471A1500F2EB22 /* Build configuration list for PBXNativeTarget "iOSWeatherAppUITests" */ = {
			isa = XCConfigurationList;
			buildConfigurations = (
				751BF89925471A1500F2EB22 /* Debug */,
				751BF89A25471A1500F2EB22 /* Release */,
			);
			defaultConfigurationIsVisible = 0;
			defaultConfigurationName = Release;
		};
/* End XCConfigurationList section */

/* Begin XCVersionGroup section */
		751BF87125471A1400F2EB22 /* iOSWeatherApp.xcdatamodeld */ = {
			isa = XCVersionGroup;
			children = (
				751BF87225471A1400F2EB22 /* iOSWeatherApp.xcdatamodel */,
			);
			currentVersion = 751BF87225471A1400F2EB22 /* iOSWeatherApp.xcdatamodel */;
			path = iOSWeatherApp.xcdatamodeld;
			sourceTree = "<group>";
			versionGroupType = wrapper.xcdatamodel;
		};
/* End XCVersionGroup section */
	};
	rootObject = 751BF85D25471A1400F2EB22 /* Project object */;
}
